// !$*UTF8*$!
{
	archiveVersion = 1;
	classes = {
	};
	objectVersion = 50;
	objects = {

/* Begin PBXBuildFile section */
		46DDA7A478468ECCDD5ABE22 /* Pods_Breather_Part_4.framework in Frameworks */ = {isa = PBXBuildFile; fileRef = 4B7685A53B6F4755D6D8110C /* Pods_Breather_Part_4.framework */; };
		612392CB2285F87F002CCBBE /* Observable+Extension.swift in Sources */ = {isa = PBXBuildFile; fileRef = 612392CA2285F87F002CCBBE /* Observable+Extension.swift */; };
		612D3A0222819ED7005DE333 /* AirVisualNearestCityResponse.swift in Sources */ = {isa = PBXBuildFile; fileRef = 612D3A0122819ED7005DE333 /* AirVisualNearestCityResponse.swift */; };
		612D3A042281A197005DE333 /* PropellerForecastResponse.swift in Sources */ = {isa = PBXBuildFile; fileRef = 612D3A032281A197005DE333 /* PropellerForecastResponse.swift */; };
		61B3983E227D908000E8A98E /* PropellerAPI.swift in Sources */ = {isa = PBXBuildFile; fileRef = 61B3983D227D908000E8A98E /* PropellerAPI.swift */; };
		61DABCE9227C6DAB00D624DA /* LaunchScreen.storyboard in Resources */ = {isa = PBXBuildFile; fileRef = 61DABCDA227C6DAA00D624DA /* LaunchScreen.storyboard */; };
		61DABCEA227C6DAB00D624DA /* BreatherError.swift in Sources */ = {isa = PBXBuildFile; fileRef = 61DABCDC227C6DAA00D624DA /* BreatherError.swift */; };
		61DABCEB227C6DAB00D624DA /* Asset.swift in Sources */ = {isa = PBXBuildFile; fileRef = 61DABCDD227C6DAA00D624DA /* Asset.swift */; };
		61DABCEC227C6DAB00D624DA /* Text.swift in Sources */ = {isa = PBXBuildFile; fileRef = 61DABCDE227C6DAA00D624DA /* Text.swift */; };
		61DABCED227C6DAB00D624DA /* Color.swift in Sources */ = {isa = PBXBuildFile; fileRef = 61DABCDF227C6DAB00D624DA /* Color.swift */; };
		61DABCEE227C6DAB00D624DA /* Assets.xcassets in Resources */ = {isa = PBXBuildFile; fileRef = 61DABCE0227C6DAB00D624DA /* Assets.xcassets */; };
		61DABCEF227C6DAB00D624DA /* UILabel+Extension.swift in Sources */ = {isa = PBXBuildFile; fileRef = 61DABCE2227C6DAB00D624DA /* UILabel+Extension.swift */; };
		61DABCF0227C6DAB00D624DA /* UIViewController+Extension.swift in Sources */ = {isa = PBXBuildFile; fileRef = 61DABCE3227C6DAB00D624DA /* UIViewController+Extension.swift */; };
		61DABCF1227C6DAB00D624DA /* String+Extension.swift in Sources */ = {isa = PBXBuildFile; fileRef = 61DABCE4227C6DAB00D624DA /* String+Extension.swift */; };
		61DABCF2227C6DAB00D624DA /* AppDelegate.swift in Sources */ = {isa = PBXBuildFile; fileRef = 61DABCE5227C6DAB00D624DA /* AppDelegate.swift */; };
		61DABCF3227C6DAB00D624DA /* ViewModel.swift in Sources */ = {isa = PBXBuildFile; fileRef = 61DABCE7227C6DAB00D624DA /* ViewModel.swift */; };
		61DABD16227C6E8500D624DA /* MainViewController.swift in Sources */ = {isa = PBXBuildFile; fileRef = 61DABD14227C6E8500D624DA /* MainViewController.swift */; };
		61DABD17227C6E8500D624DA /* Main.storyboard in Resources */ = {isa = PBXBuildFile; fileRef = 61DABD15227C6E8500D624DA /* Main.storyboard */; };
		61DABD1A227C6E8E00D624DA /* MainViewModel.swift in Sources */ = {isa = PBXBuildFile; fileRef = 61DABD19227C6E8E00D624DA /* MainViewModel.swift */; };
		61DABD1D227C6E9600D624DA /* CityConditions.swift in Sources */ = {isa = PBXBuildFile; fileRef = 61DABD1C227C6E9600D624DA /* CityConditions.swift */; };
		61DABD20227C6E9E00D624DA /* AirVisualAPI.swift in Sources */ = {isa = PBXBuildFile; fileRef = 61DABD1F227C6E9E00D624DA /* AirVisualAPI.swift */; };
		61FA6F6722857A0700E6C5BF /* AirVisualErrorResponse.swift in Sources */ = {isa = PBXBuildFile; fileRef = 61FA6F6622857A0700E6C5BF /* AirVisualErrorResponse.swift */; };
		61FA6F6922859E5300E6C5BF /* PropellerErrorResponse.swift in Sources */ = {isa = PBXBuildFile; fileRef = 61FA6F6822859E5300E6C5BF /* PropellerErrorResponse.swift */; };
/* End PBXBuildFile section */

/* Begin PBXFileReference section */
		4B7685A53B6F4755D6D8110C /* Pods_Breather_Part_4.framework */ = {isa = PBXFileReference; explicitFileType = wrapper.framework; includeInIndex = 0; path = Pods_Breather_Part_4.framework; sourceTree = BUILT_PRODUCTS_DIR; };
		612392CA2285F87F002CCBBE /* Observable+Extension.swift */ = {isa = PBXFileReference; lastKnownFileType = sourcecode.swift; path = "Observable+Extension.swift"; sourceTree = "<group>"; };
		612D3A0122819ED7005DE333 /* AirVisualNearestCityResponse.swift */ = {isa = PBXFileReference; fileEncoding = 4; lastKnownFileType = sourcecode.swift; path = AirVisualNearestCityResponse.swift; sourceTree = "<group>"; };
		612D3A032281A197005DE333 /* PropellerForecastResponse.swift */ = {isa = PBXFileReference; lastKnownFileType = sourcecode.swift; path = PropellerForecastResponse.swift; sourceTree = "<group>"; };
		61B3983D227D908000E8A98E /* PropellerAPI.swift */ = {isa = PBXFileReference; lastKnownFileType = sourcecode.swift; path = PropellerAPI.swift; sourceTree = "<group>"; };
		61DABCC4227C6D8800D624DA /* Breather Part 4.app */ = {isa = PBXFileReference; explicitFileType = wrapper.application; includeInIndex = 0; path = "Breather Part 4.app"; sourceTree = BUILT_PRODUCTS_DIR; };
		61DABCDA227C6DAA00D624DA /* LaunchScreen.storyboard */ = {isa = PBXFileReference; fileEncoding = 4; lastKnownFileType = file.storyboard; path = LaunchScreen.storyboard; sourceTree = "<group>"; };
		61DABCDC227C6DAA00D624DA /* BreatherError.swift */ = {isa = PBXFileReference; fileEncoding = 4; lastKnownFileType = sourcecode.swift; path = BreatherError.swift; sourceTree = "<group>"; };
		61DABCDD227C6DAA00D624DA /* Asset.swift */ = {isa = PBXFileReference; fileEncoding = 4; lastKnownFileType = sourcecode.swift; path = Asset.swift; sourceTree = "<group>"; };
		61DABCDE227C6DAA00D624DA /* Text.swift */ = {isa = PBXFileReference; fileEncoding = 4; lastKnownFileType = sourcecode.swift; path = Text.swift; sourceTree = "<group>"; };
		61DABCDF227C6DAB00D624DA /* Color.swift */ = {isa = PBXFileReference; fileEncoding = 4; lastKnownFileType = sourcecode.swift; path = Color.swift; sourceTree = "<group>"; };
		61DABCE0227C6DAB00D624DA /* Assets.xcassets */ = {isa = PBXFileReference; lastKnownFileType = folder.assetcatalog; path = Assets.xcassets; sourceTree = "<group>"; };
		61DABCE2227C6DAB00D624DA /* UILabel+Extension.swift */ = {isa = PBXFileReference; fileEncoding = 4; lastKnownFileType = sourcecode.swift; path = "UILabel+Extension.swift"; sourceTree = "<group>"; };
		61DABCE3227C6DAB00D624DA /* UIViewController+Extension.swift */ = {isa = PBXFileReference; fileEncoding = 4; lastKnownFileType = sourcecode.swift; path = "UIViewController+Extension.swift"; sourceTree = "<group>"; };
		61DABCE4227C6DAB00D624DA /* String+Extension.swift */ = {isa = PBXFileReference; fileEncoding = 4; lastKnownFileType = sourcecode.swift; path = "String+Extension.swift"; sourceTree = "<group>"; };
		61DABCE5227C6DAB00D624DA /* AppDelegate.swift */ = {isa = PBXFileReference; fileEncoding = 4; lastKnownFileType = sourcecode.swift; path = AppDelegate.swift; sourceTree = "<group>"; };
		61DABCE7227C6DAB00D624DA /* ViewModel.swift */ = {isa = PBXFileReference; fileEncoding = 4; lastKnownFileType = sourcecode.swift; path = ViewModel.swift; sourceTree = "<group>"; };
		61DABCE8227C6DAB00D624DA /* Info.plist */ = {isa = PBXFileReference; fileEncoding = 4; lastKnownFileType = text.plist.xml; path = Info.plist; sourceTree = "<group>"; };
		61DABD14227C6E8500D624DA /* MainViewController.swift */ = {isa = PBXFileReference; fileEncoding = 4; lastKnownFileType = sourcecode.swift; path = MainViewController.swift; sourceTree = "<group>"; };
		61DABD15227C6E8500D624DA /* Main.storyboard */ = {isa = PBXFileReference; fileEncoding = 4; lastKnownFileType = file.storyboard; path = Main.storyboard; sourceTree = "<group>"; };
		61DABD19227C6E8E00D624DA /* MainViewModel.swift */ = {isa = PBXFileReference; fileEncoding = 4; lastKnownFileType = sourcecode.swift; path = MainViewModel.swift; sourceTree = "<group>"; };
		61DABD1C227C6E9600D624DA /* CityConditions.swift */ = {isa = PBXFileReference; fileEncoding = 4; lastKnownFileType = sourcecode.swift; path = CityConditions.swift; sourceTree = "<group>"; };
		61DABD1F227C6E9E00D624DA /* AirVisualAPI.swift */ = {isa = PBXFileReference; fileEncoding = 4; lastKnownFileType = sourcecode.swift; path = AirVisualAPI.swift; sourceTree = "<group>"; };
		61FA6F6622857A0700E6C5BF /* AirVisualErrorResponse.swift */ = {isa = PBXFileReference; lastKnownFileType = sourcecode.swift; path = AirVisualErrorResponse.swift; sourceTree = "<group>"; };
		61FA6F6822859E5300E6C5BF /* PropellerErrorResponse.swift */ = {isa = PBXFileReference; lastKnownFileType = sourcecode.swift; path = PropellerErrorResponse.swift; sourceTree = "<group>"; };
		84DA6850BB01678DAFC05875 /* Pods-Breather Part 4.debug.xcconfig */ = {isa = PBXFileReference; includeInIndex = 1; lastKnownFileType = text.xcconfig; name = "Pods-Breather Part 4.debug.xcconfig"; path = "Pods/Target Support Files/Pods-Breather Part 4/Pods-Breather Part 4.debug.xcconfig"; sourceTree = "<group>"; };
		AF1C7E1C7D3F62DF7A54C64A /* Pods-Breather Part 4.release.xcconfig */ = {isa = PBXFileReference; includeInIndex = 1; lastKnownFileType = text.xcconfig; name = "Pods-Breather Part 4.release.xcconfig"; path = "Pods/Target Support Files/Pods-Breather Part 4/Pods-Breather Part 4.release.xcconfig"; sourceTree = "<group>"; };
/* End PBXFileReference section */

/* Begin PBXFrameworksBuildPhase section */
		61DABCC1227C6D8800D624DA /* Frameworks */ = {
			isa = PBXFrameworksBuildPhase;
			buildActionMask = 2147483647;
			files = (
				46DDA7A478468ECCDD5ABE22 /* Pods_Breather_Part_4.framework in Frameworks */,
			);
			runOnlyForDeploymentPostprocessing = 0;
		};
/* End PBXFrameworksBuildPhase section */

/* Begin PBXGroup section */
		612D3A0022819EB3005DE333 /* Parsing */ = {
			isa = PBXGroup;
			children = (
				612D3A0122819ED7005DE333 /* AirVisualNearestCityResponse.swift */,
				61FA6F6622857A0700E6C5BF /* AirVisualErrorResponse.swift */,
				612D3A032281A197005DE333 /* PropellerForecastResponse.swift */,
				61FA6F6822859E5300E6C5BF /* PropellerErrorResponse.swift */,
			);
			path = Parsing;
			sourceTree = "<group>";
		};
		61DABCBB227C6D8800D624DA = {
			isa = PBXGroup;
			children = (
				61DABCC6227C6D8800D624DA /* Breather Part 4 */,
				61DABCC5227C6D8800D624DA /* Products */,
				8CE1DBF97FCADA0C3378DB7F /* Pods */,
				8ADA1C46CF0F3F8665622698 /* Frameworks */,
			);
			sourceTree = "<group>";
		};
		61DABCC5227C6D8800D624DA /* Products */ = {
			isa = PBXGroup;
			children = (
				61DABCC4227C6D8800D624DA /* Breather Part 4.app */,
			);
			name = Products;
			sourceTree = "<group>";
		};
		61DABCC6227C6D8800D624DA /* Breather Part 4 */ = {
			isa = PBXGroup;
			children = (
				61DABD13227C6E8500D624DA /* View */,
				61DABD18227C6E8E00D624DA /* ViewModel */,
				61DABD1B227C6E9600D624DA /* Model */,
				612D3A0022819EB3005DE333 /* Parsing */,
				61DABD1E227C6E9E00D624DA /* Networking */,
				61DABCD9227C6DAA00D624DA /* Supporting Files */,
			);
			path = "Breather Part 4";
			sourceTree = "<group>";
		};
		61DABCD9227C6DAA00D624DA /* Supporting Files */ = {
			isa = PBXGroup;
			children = (
				61DABCE5227C6DAB00D624DA /* AppDelegate.swift */,
				61DABCE0227C6DAB00D624DA /* Assets.xcassets */,
				61DABCDA227C6DAA00D624DA /* LaunchScreen.storyboard */,
				61DABCE8227C6DAB00D624DA /* Info.plist */,
				61DABCDB227C6DAA00D624DA /* Constants */,
				61DABCE1227C6DAB00D624DA /* Extensions */,
				61DABCE6227C6DAB00D624DA /* Protocols */,
			);
			path = "Supporting Files";
			sourceTree = "<group>";
		};
		61DABCDB227C6DAA00D624DA /* Constants */ = {
			isa = PBXGroup;
			children = (
				61DABCDD227C6DAA00D624DA /* Asset.swift */,
				61DABCDE227C6DAA00D624DA /* Text.swift */,
				61DABCDF227C6DAB00D624DA /* Color.swift */,
			);
			path = Constants;
			sourceTree = "<group>";
		};
		61DABCE1227C6DAB00D624DA /* Extensions */ = {
			isa = PBXGroup;
			children = (
				61DABCE2227C6DAB00D624DA /* UILabel+Extension.swift */,
				61DABCE3227C6DAB00D624DA /* UIViewController+Extension.swift */,
				61DABCE4227C6DAB00D624DA /* String+Extension.swift */,
				612392CA2285F87F002CCBBE /* Observable+Extension.swift */,
			);
			path = Extensions;
			sourceTree = "<group>";
		};
		61DABCE6227C6DAB00D624DA /* Protocols */ = {
			isa = PBXGroup;
			children = (
				61DABCE7227C6DAB00D624DA /* ViewModel.swift */,
			);
			path = Protocols;
			sourceTree = "<group>";
		};
		61DABD13227C6E8500D624DA /* View */ = {
			isa = PBXGroup;
			children = (
				61DABD15227C6E8500D624DA /* Main.storyboard */,
				61DABD14227C6E8500D624DA /* MainViewController.swift */,
			);
			path = View;
			sourceTree = "<group>";
		};
		61DABD18227C6E8E00D624DA /* ViewModel */ = {
			isa = PBXGroup;
			children = (
				61DABD19227C6E8E00D624DA /* MainViewModel.swift */,
			);
			path = ViewModel;
			sourceTree = "<group>";
		};
		61DABD1B227C6E9600D624DA /* Model */ = {
			isa = PBXGroup;
			children = (
				61DABD1C227C6E9600D624DA /* CityConditions.swift */,
				61DABCDC227C6DAA00D624DA /* BreatherError.swift */,
			);
			path = Model;
			sourceTree = "<group>";
		};
		61DABD1E227C6E9E00D624DA /* Networking */ = {
			isa = PBXGroup;
			children = (
				61DABD1F227C6E9E00D624DA /* AirVisualAPI.swift */,
				61B3983D227D908000E8A98E /* PropellerAPI.swift */,
			);
			path = Networking;
			sourceTree = "<group>";
		};
		8ADA1C46CF0F3F8665622698 /* Frameworks */ = {
			isa = PBXGroup;
			children = (
				4B7685A53B6F4755D6D8110C /* Pods_Breather_Part_4.framework */,
			);
			name = Frameworks;
			sourceTree = "<group>";
		};
		8CE1DBF97FCADA0C3378DB7F /* Pods */ = {
			isa = PBXGroup;
			children = (
				84DA6850BB01678DAFC05875 /* Pods-Breather Part 4.debug.xcconfig */,
				AF1C7E1C7D3F62DF7A54C64A /* Pods-Breather Part 4.release.xcconfig */,
			);
			name = Pods;
			sourceTree = "<group>";
		};
/* End PBXGroup section */

/* Begin PBXNativeTarget section */
		61DABCC3227C6D8800D624DA /* Breather Part 4 */ = {
			isa = PBXNativeTarget;
			buildConfigurationList = 61DABCD6227C6D8800D624DA /* Build configuration list for PBXNativeTarget "Breather Part 4" */;
			buildPhases = (
				0CB51EB177FD53830111AC37 /* [CP] Check Pods Manifest.lock */,
				61DABCC0227C6D8800D624DA /* Sources */,
				61DABCC1227C6D8800D624DA /* Frameworks */,
				61DABCC2227C6D8800D624DA /* Resources */,
				E393632033EFCA93ECB72DC9 /* [CP] Embed Pods Frameworks */,
			);
			buildRules = (
			);
			dependencies = (
			);
			name = "Breather Part 4";
			productName = "Breather Part 4";
			productReference = 61DABCC4227C6D8800D624DA /* Breather Part 4.app */;
			productType = "com.apple.product-type.application";
		};
/* End PBXNativeTarget section */

/* Begin PBXProject section */
		61DABCBC227C6D8800D624DA /* Project object */ = {
			isa = PBXProject;
			attributes = {
				LastSwiftUpdateCheck = 1020;
				LastUpgradeCheck = 1020;
				ORGANIZATIONNAME = "Alexandros Baramilis";
				TargetAttributes = {
					61DABCC3227C6D8800D624DA = {
						CreatedOnToolsVersion = 10.2.1;
					};
				};
			};
			buildConfigurationList = 61DABCBF227C6D8800D624DA /* Build configuration list for PBXProject "Breather Part 4" */;
			compatibilityVersion = "Xcode 9.3";
			developmentRegion = en;
			hasScannedForEncodings = 0;
			knownRegions = (
				en,
				Base,
			);
			mainGroup = 61DABCBB227C6D8800D624DA;
			productRefGroup = 61DABCC5227C6D8800D624DA /* Products */;
			projectDirPath = "";
			projectRoot = "";
			targets = (
				61DABCC3227C6D8800D624DA /* Breather Part 4 */,
			);
		};
/* End PBXProject section */

/* Begin PBXResourcesBuildPhase section */
		61DABCC2227C6D8800D624DA /* Resources */ = {
			isa = PBXResourcesBuildPhase;
			buildActionMask = 2147483647;
			files = (
				61DABCEE227C6DAB00D624DA /* Assets.xcassets in Resources */,
				61DABCE9227C6DAB00D624DA /* LaunchScreen.storyboard in Resources */,
				61DABD17227C6E8500D624DA /* Main.storyboard in Resources */,
			);
			runOnlyForDeploymentPostprocessing = 0;
		};
/* End PBXResourcesBuildPhase section */

/* Begin PBXShellScriptBuildPhase section */
		0CB51EB177FD53830111AC37 /* [CP] Check Pods Manifest.lock */ = {
			isa = PBXShellScriptBuildPhase;
			buildActionMask = 2147483647;
			files = (
			);
			inputFileListPaths = (
			);
			inputPaths = (
				"${PODS_PODFILE_DIR_PATH}/Podfile.lock",
				"${PODS_ROOT}/Manifest.lock",
			);
			name = "[CP] Check Pods Manifest.lock";
			outputFileListPaths = (
			);
			outputPaths = (
				"$(DERIVED_FILE_DIR)/Pods-Breather Part 4-checkManifestLockResult.txt",
			);
			runOnlyForDeploymentPostprocessing = 0;
			shellPath = /bin/sh;
			shellScript = "diff \"${PODS_PODFILE_DIR_PATH}/Podfile.lock\" \"${PODS_ROOT}/Manifest.lock\" > /dev/null\nif [ $? != 0 ] ; then\n    # print error to STDERR\n    echo \"error: The sandbox is not in sync with the Podfile.lock. Run 'pod install' or update your CocoaPods installation.\" >&2\n    exit 1\nfi\n# This output is used by Xcode 'outputs' to avoid re-running this script phase.\necho \"SUCCESS\" > \"${SCRIPT_OUTPUT_FILE_0}\"\n";
			showEnvVarsInLog = 0;
		};
		E393632033EFCA93ECB72DC9 /* [CP] Embed Pods Frameworks */ = {
			isa = PBXShellScriptBuildPhase;
			buildActionMask = 2147483647;
			files = (
			);
			inputFileListPaths = (
			);
			inputPaths = (
				"${SRCROOT}/Pods/Target Support Files/Pods-Breather Part 4/Pods-Breather Part 4-frameworks.sh",
				"${BUILT_PRODUCTS_DIR}/Alamofire/Alamofire.framework",
				"${BUILT_PRODUCTS_DIR}/Moya/Moya.framework",
				"${BUILT_PRODUCTS_DIR}/Result/Result.framework",
				"${BUILT_PRODUCTS_DIR}/RxCocoa/RxCocoa.framework",
				"${BUILT_PRODUCTS_DIR}/RxSwift/RxSwift.framework",
			);
			name = "[CP] Embed Pods Frameworks";
			outputFileListPaths = (
			);
			outputPaths = (
				"${TARGET_BUILD_DIR}/${FRAMEWORKS_FOLDER_PATH}/Alamofire.framework",
				"${TARGET_BUILD_DIR}/${FRAMEWORKS_FOLDER_PATH}/Moya.framework",
				"${TARGET_BUILD_DIR}/${FRAMEWORKS_FOLDER_PATH}/Result.framework",
				"${TARGET_BUILD_DIR}/${FRAMEWORKS_FOLDER_PATH}/RxCocoa.framework",
				"${TARGET_BUILD_DIR}/${FRAMEWORKS_FOLDER_PATH}/RxSwift.framework",
			);
			runOnlyForDeploymentPostprocessing = 0;
			shellPath = /bin/sh;
			shellScript = "\"${SRCROOT}/Pods/Target Support Files/Pods-Breather Part 4/Pods-Breather Part 4-frameworks.sh\"\n";
			showEnvVarsInLog = 0;
		};
/* End PBXShellScriptBuildPhase section */

/* Begin PBXSourcesBuildPhase section */
		61DABCC0227C6D8800D624DA /* Sources */ = {
			isa = PBXSourcesBuildPhase;
			buildActionMask = 2147483647;
			files = (
				61DABCF2227C6DAB00D624DA /* AppDelegate.swift in Sources */,
				61DABCF3227C6DAB00D624DA /* ViewModel.swift in Sources */,
				61DABCF0227C6DAB00D624DA /* UIViewController+Extension.swift in Sources */,
				61FA6F6722857A0700E6C5BF /* AirVisualErrorResponse.swift in Sources */,
				61DABCF1227C6DAB00D624DA /* String+Extension.swift in Sources */,
				61FA6F6922859E5300E6C5BF /* PropellerErrorResponse.swift in Sources */,
				61DABCEB227C6DAB00D624DA /* Asset.swift in Sources */,
				612D3A042281A197005DE333 /* PropellerForecastResponse.swift in Sources */,
				61B3983E227D908000E8A98E /* PropellerAPI.swift in Sources */,
				61DABCED227C6DAB00D624DA /* Color.swift in Sources */,
				61DABD1D227C6E9600D624DA /* CityConditions.swift in Sources */,
				61DABCEF227C6DAB00D624DA /* UILabel+Extension.swift in Sources */,
				61DABCEC227C6DAB00D624DA /* Text.swift in Sources */,
				61DABCEA227C6DAB00D624DA /* BreatherError.swift in Sources */,
				61DABD16227C6E8500D624DA /* MainViewController.swift in Sources */,
				61DABD1A227C6E8E00D624DA /* MainViewModel.swift in Sources */,
				612D3A0222819ED7005DE333 /* AirVisualNearestCityResponse.swift in Sources */,
				612392CB2285F87F002CCBBE /* Observable+Extension.swift in Sources */,
				61DABD20227C6E9E00D624DA /* AirVisualAPI.swift in Sources */,
			);
			runOnlyForDeploymentPostprocessing = 0;
		};
/* End PBXSourcesBuildPhase section */

/* Begin XCBuildConfiguration section */
		61DABCD4227C6D8800D624DA /* Debug */ = {
			isa = XCBuildConfiguration;
			buildSettings = {
				ALWAYS_SEARCH_USER_PATHS = NO;
				CLANG_ANALYZER_NONNULL = YES;
				CLANG_ANALYZER_NUMBER_OBJECT_CONVERSION = YES_AGGRESSIVE;
				CLANG_CXX_LANGUAGE_STANDARD = "gnu++14";
				CLANG_CXX_LIBRARY = "libc++";
				CLANG_ENABLE_MODULES = YES;
				CLANG_ENABLE_OBJC_ARC = YES;
				CLANG_ENABLE_OBJC_WEAK = YES;
				CLANG_WARN_BLOCK_CAPTURE_AUTORELEASING = YES;
				CLANG_WARN_BOOL_CONVERSION = YES;
				CLANG_WARN_COMMA = YES;
				CLANG_WARN_CONSTANT_CONVERSION = YES;
				CLANG_WARN_DEPRECATED_OBJC_IMPLEMENTATIONS = YES;
				CLANG_WARN_DIRECT_OBJC_ISA_USAGE = YES_ERROR;
				CLANG_WARN_DOCUMENTATION_COMMENTS = YES;
				CLANG_WARN_EMPTY_BODY = YES;
				CLANG_WARN_ENUM_CONVERSION = YES;
				CLANG_WARN_INFINITE_RECURSION = YES;
				CLANG_WARN_INT_CONVERSION = YES;
				CLANG_WARN_NON_LITERAL_NULL_CONVERSION = YES;
				CLANG_WARN_OBJC_IMPLICIT_RETAIN_SELF = YES;
				CLANG_WARN_OBJC_LITERAL_CONVERSION = YES;
				CLANG_WARN_OBJC_ROOT_CLASS = YES_ERROR;
				CLANG_WARN_RANGE_LOOP_ANALYSIS = YES;
				CLANG_WARN_STRICT_PROTOTYPES = YES;
				CLANG_WARN_SUSPICIOUS_MOVE = YES;
				CLANG_WARN_UNGUARDED_AVAILABILITY = YES_AGGRESSIVE;
				CLANG_WARN_UNREACHABLE_CODE = YES;
				CLANG_WARN__DUPLICATE_METHOD_MATCH = YES;
				CODE_SIGN_IDENTITY = "iPhone Developer";
				COPY_PHASE_STRIP = NO;
				DEBUG_INFORMATION_FORMAT = dwarf;
				ENABLE_STRICT_OBJC_MSGSEND = YES;
				ENABLE_TESTABILITY = YES;
				GCC_C_LANGUAGE_STANDARD = gnu11;
				GCC_DYNAMIC_NO_PIC = NO;
				GCC_NO_COMMON_BLOCKS = YES;
				GCC_OPTIMIZATION_LEVEL = 0;
				GCC_PREPROCESSOR_DEFINITIONS = (
					"DEBUG=1",
					"$(inherited)",
				);
				GCC_WARN_64_TO_32_BIT_CONVERSION = YES;
				GCC_WARN_ABOUT_RETURN_TYPE = YES_ERROR;
				GCC_WARN_UNDECLARED_SELECTOR = YES;
				GCC_WARN_UNINITIALIZED_AUTOS = YES_AGGRESSIVE;
				GCC_WARN_UNUSED_FUNCTION = YES;
				GCC_WARN_UNUSED_VARIABLE = YES;
				IPHONEOS_DEPLOYMENT_TARGET = 12.2;
				MTL_ENABLE_DEBUG_INFO = INCLUDE_SOURCE;
				MTL_FAST_MATH = YES;
				ONLY_ACTIVE_ARCH = YES;
				SDKROOT = iphoneos;
				SWIFT_ACTIVE_COMPILATION_CONDITIONS = DEBUG;
				SWIFT_OPTIMIZATION_LEVEL = "-Onone";
			};
			name = Debug;
		};
		61DABCD5227C6D8800D624DA /* Release */ = {
			isa = XCBuildConfiguration;
			buildSettings = {
				ALWAYS_SEARCH_USER_PATHS = NO;
				CLANG_ANALYZER_NONNULL = YES;
				CLANG_ANALYZER_NUMBER_OBJECT_CONVERSION = YES_AGGRESSIVE;
				CLANG_CXX_LANGUAGE_STANDARD = "gnu++14";
				CLANG_CXX_LIBRARY = "libc++";
				CLANG_ENABLE_MODULES = YES;
				CLANG_ENABLE_OBJC_ARC = YES;
				CLANG_ENABLE_OBJC_WEAK = YES;
				CLANG_WARN_BLOCK_CAPTURE_AUTORELEASING = YES;
				CLANG_WARN_BOOL_CONVERSION = YES;
				CLANG_WARN_COMMA = YES;
				CLANG_WARN_CONSTANT_CONVERSION = YES;
				CLANG_WARN_DEPRECATED_OBJC_IMPLEMENTATIONS = YES;
				CLANG_WARN_DIRECT_OBJC_ISA_USAGE = YES_ERROR;
				CLANG_WARN_DOCUMENTATION_COMMENTS = YES;
				CLANG_WARN_EMPTY_BODY = YES;
				CLANG_WARN_ENUM_CONVERSION = YES;
				CLANG_WARN_INFINITE_RECURSION = YES;
				CLANG_WARN_INT_CONVERSION = YES;
				CLANG_WARN_NON_LITERAL_NULL_CONVERSION = YES;
				CLANG_WARN_OBJC_IMPLICIT_RETAIN_SELF = YES;
				CLANG_WARN_OBJC_LITERAL_CONVERSION = YES;
				CLANG_WARN_OBJC_ROOT_CLASS = YES_ERROR;
				CLANG_WARN_RANGE_LOOP_ANALYSIS = YES;
				CLANG_WARN_STRICT_PROTOTYPES = YES;
				CLANG_WARN_SUSPICIOUS_MOVE = YES;
				CLANG_WARN_UNGUARDED_AVAILABILITY = YES_AGGRESSIVE;
				CLANG_WARN_UNREACHABLE_CODE = YES;
				CLANG_WARN__DUPLICATE_METHOD_MATCH = YES;
				CODE_SIGN_IDENTITY = "iPhone Developer";
				COPY_PHASE_STRIP = NO;
				DEBUG_INFORMATION_FORMAT = "dwarf-with-dsym";
				ENABLE_NS_ASSERTIONS = NO;
				ENABLE_STRICT_OBJC_MSGSEND = YES;
				GCC_C_LANGUAGE_STANDARD = gnu11;
				GCC_NO_COMMON_BLOCKS = YES;
				GCC_WARN_64_TO_32_BIT_CONVERSION = YES;
				GCC_WARN_ABOUT_RETURN_TYPE = YES_ERROR;
				GCC_WARN_UNDECLARED_SELECTOR = YES;
				GCC_WARN_UNINITIALIZED_AUTOS = YES_AGGRESSIVE;
				GCC_WARN_UNUSED_FUNCTION = YES;
				GCC_WARN_UNUSED_VARIABLE = YES;
				IPHONEOS_DEPLOYMENT_TARGET = 12.2;
				MTL_ENABLE_DEBUG_INFO = NO;
				MTL_FAST_MATH = YES;
				SDKROOT = iphoneos;
				SWIFT_COMPILATION_MODE = wholemodule;
				SWIFT_OPTIMIZATION_LEVEL = "-O";
				VALIDATE_PRODUCT = YES;
			};
			name = Release;
		};
		61DABCD7227C6D8800D624DA /* Debug */ = {
			isa = XCBuildConfiguration;
			baseConfigurationReference = 84DA6850BB01678DAFC05875 /* Pods-Breather Part 4.debug.xcconfig */;
			buildSettings = {
				ASSETCATALOG_COMPILER_APPICON_NAME = AppIcon;
				CODE_SIGN_STYLE = Automatic;
				DEVELOPMENT_TEAM = 448W5H23KP;
				INFOPLIST_FILE = "$(SRCROOT)/Breather Part 4/Supporting Files/Info.plist";
				LD_RUNPATH_SEARCH_PATHS = (
					"$(inherited)",
					"@executable_path/Frameworks",
				);
				PRODUCT_BUNDLE_IDENTIFIER = "com.alexbaramilis.Breather-Part-4";
				PRODUCT_NAME = "$(TARGET_NAME)";
				SWIFT_VERSION = 5.0;
				TARGETED_DEVICE_FAMILY = "1,2";
			};
			name = Debug;
		};
		61DABCD8227C6D8800D624DA /* Release */ = {
			isa = XCBuildConfiguration;
			baseConfigurationReference = AF1C7E1C7D3F62DF7A54C64A /* Pods-Breather Part 4.release.xcconfig */;
			buildSettings = {
				ASSETCATALOG_COMPILER_APPICON_NAME = AppIcon;
				CODE_SIGN_STYLE = Automatic;
				DEVELOPMENT_TEAM = 448W5H23KP;
				INFOPLIST_FILE = "$(SRCROOT)/Breather Part 4/Supporting Files/Info.plist";
				LD_RUNPATH_SEARCH_PATHS = (
					"$(inherited)",
					"@executable_path/Frameworks",
				);
				PRODUCT_BUNDLE_IDENTIFIER = "com.alexbaramilis.Breather-Part-4";
				PRODUCT_NAME = "$(TARGET_NAME)";
				SWIFT_VERSION = 5.0;
				TARGETED_DEVICE_FAMILY = "1,2";
			};
			name = Release;
		};
/* End XCBuildConfiguration section */

/* Begin XCConfigurationList section */
		61DABCBF227C6D8800D624DA /* Build configuration list for PBXProject "Breather Part 4" */ = {
			isa = XCConfigurationList;
			buildConfigurations = (
				61DABCD4227C6D8800D624DA /* Debug */,
				61DABCD5227C6D8800D624DA /* Release */,
			);
			defaultConfigurationIsVisible = 0;
			defaultConfigurationName = Release;
		};
		61DABCD6227C6D8800D624DA /* Build configuration list for PBXNativeTarget "Breather Part 4" */ = {
			isa = XCConfigurationList;
			buildConfigurations = (
				61DABCD7227C6D8800D624DA /* Debug */,
				61DABCD8227C6D8800D624DA /* Release */,
			);
			defaultConfigurationIsVisible = 0;
			defaultConfigurationName = Release;
		};
/* End XCConfigurationList section */
	};
	rootObject = 61DABCBC227C6D8800D624DA /* Project object */;
}
